
Microsoft Visual Studio Solution File, Format Version 12.00
# Visual Studio Version 16
VisualStudioVersion = 16.0.29613.14
MinimumVisualStudioVersion = 10.0.40219.1
Project("{FAE04EC0-301F-11D3-BF4B-00C04F79EFBC}") = "QuizzMock", "QuizzMock\QuizzMock.csproj", "{9AA928D0-2B29-40E6-8840-1BA2E57C62B3}"
EndProject
Project("{FAE04EC0-301F-11D3-BF4B-00C04F79EFBC}") = "QuizzMockTests", "QuizzMockTests\QuizzMockTests.csproj", "{56632227-57A2-431C-98DF-5C39F485295A}"
EndProject
Global
	GlobalSection(SolutionConfigurationPlatforms) = preSolution
		Debug|Any CPU = Debug|Any CPU
		Release|Any CPU = Release|Any CPU
	EndGlobalSection
	GlobalSection(ProjectConfigurationPlatforms) = postSolution
		{9AA928D0-2B29-40E6-8840-1BA2E57C62B3}.Debug|Any CPU.ActiveCfg = Debug|Any CPU
		{9AA928D0-2B29-40E6-8840-1BA2E57C62B3}.Debug|Any CPU.Build.0 = Debug|Any CPU
		{9AA928D0-2B29-40E6-8840-1BA2E57C62B3}.Release|Any CPU.ActiveCfg = Release|Any CPU
		{9AA928D0-2B29-40E6-8840-1BA2E57C62B3}.Release|Any CPU.Build.0 = Release|Any CPU
		{56632227-57A2-431C-98DF-5C39F485295A}.Debug|Any CPU.ActiveCfg = Debug|Any CPU
		{56632227-57A2-431C-98DF-5C39F485295A}.Debug|Any CPU.Build.0 = Debug|Any CPU
		{56632227-57A2-431C-98DF-5C39F485295A}.Release|Any CPU.ActiveCfg = Release|Any CPU
		{56632227-57A2-431C-98DF-5C39F485295A}.Release|Any CPU.Build.0 = Release|Any CPU
	EndGlobalSection
	GlobalSection(SolutionProperties) = preSolution
		HideSolutionNode = FALSE
	EndGlobalSection
	GlobalSection(ExtensibilityGlobals) = postSolution
		SolutionGuid = {3AA462FC-9EFB-47A3-9E0B-1FDFEA735D8A}
	EndGlobalSection
EndGlobal
